
Microsoft Visual Studio Solution File, Format Version 12.00
Project("{FAE04EC0-301F-11D3-BF4B-00C04F79EFBC}") = "FusionCalcV3", "FusionCalcV3\FusionCalcV3.csproj", "{A43387DC-3C00-41CB-BB3B-49CD4A51A2E2}"
EndProject
Project("{FAE04EC0-301F-11D3-BF4B-00C04F79EFBC}") = "FusionCalcTests", "FusionCalcTests\FusionCalcTests.csproj", "{97E58D64-3B00-429B-8758-EB9460C7D666}"
EndProject
Global
	GlobalSection(SolutionConfigurationPlatforms) = preSolution
		Debug|Any CPU = Debug|Any CPU
		Release|Any CPU = Release|Any CPU
	EndGlobalSection
	GlobalSection(ProjectConfigurationPlatforms) = postSolution
		{A43387DC-3C00-41CB-BB3B-49CD4A51A2E2}.Debug|Any CPU.ActiveCfg = Debug|Any CPU
		{A43387DC-3C00-41CB-BB3B-49CD4A51A2E2}.Debug|Any CPU.Build.0 = Debug|Any CPU
		{A43387DC-3C00-41CB-BB3B-49CD4A51A2E2}.Release|Any CPU.ActiveCfg = Release|Any CPU
		{A43387DC-3C00-41CB-BB3B-49CD4A51A2E2}.Release|Any CPU.Build.0 = Release|Any CPU
		{97E58D64-3B00-429B-8758-EB9460C7D666}.Debug|Any CPU.ActiveCfg = Debug|Any CPU
		{97E58D64-3B00-429B-8758-EB9460C7D666}.Debug|Any CPU.Build.0 = Debug|Any CPU
		{97E58D64-3B00-429B-8758-EB9460C7D666}.Release|Any CPU.ActiveCfg = Release|Any CPU
		{97E58D64-3B00-429B-8758-EB9460C7D666}.Release|Any CPU.Build.0 = Release|Any CPU
	EndGlobalSection
EndGlobal
